[blobstore]
url = "https://github.com/WebAssembly/wasi-blobstore/archive/main.tar.gz"
sha256 = "c7ea6547bf52fe3bbf5e9e2d7f06ac99ce87ed95ec11579a03d9b8d895b5be12"
sha512 = "7540f24272901a12bf65c12a6db3636c87d8ff9f8cdfe6c8a4fcdbd426feabec00688bf27c60d8a390461009ece4b7a18b8c814c7af8866e865583c676182a23"

[clocks]
url = "https://github.com/WebAssembly/wasi-clocks/archive/main.tar.gz"
sha256 = "be1d8c61e2544e2b48d902c60df73577e293349063344ce752cda4d323f8b913"
sha512 = "0fd7962c62b135da0e584c2b58a55147bf09873848b0bb5bd3913019bc3f8d4b5969fbd6f7f96fd99a015efaf562a3eeafe3bc13049f8572a6e13ef9ef0e7e75"

[io]
url = "https://github.com/WebAssembly/wasi-io/archive/main.tar.gz"
sha256 = "9f1ad5da70f621bbd4c69e3bd90250a0c12ecfde266aa8f99684fc44bc1e7c15"
sha512 = "6d0a9db6848f24762933d1c168a5b5b1065ba838c253ee20454afeb8dd1a049b918d25deff556083d68095dd3126ae131ac3e738774320eee5d918f5a4b5354e"

[keyvalue]
url = "https://github.com/credibil/wasi-keyvalue/archive/main.tar.gz"
sha256 = "b9db68b016f0d291e8212cf5c794fcf981bf5cebe5254d4f3cf3ead5eb4e10b8"
sha512 = "befc8a96dff139c1e7071a6adb8d34a881c8da1f86f3c2620b4ebe11a226c06a8135da48dcde6e074fbcc42e369e44ddd150818edc43431b94eefd7b7a3608cf"

[messaging]
url = "https://github.com/credibil/wasi-messaging/archive/main.tar.gz"
sha256 = "21edbaac3e1237980bbd3dc194b30d1dff6e52c76c84600ad9efd3f61e946371"
sha512 = "5d57d8845ea9f00c929096b27dc47174d1cac92d180f7817a403a40e7cd046b7000b13d2ab197179aa90f9d85a3bf6ad10c24ef3bc5d49031fbfe9a059c9ddad"

[sql]
url = "https://github.com/WebAssembly/wasi-sql/archive/main.tar.gz"
sha256 = "b059c4b9951f656e24af3eff9f3dfedd2e45ffa3462bf5ddc17d8c51f757c315"
sha512 = "cda940f0c995286ed6286ca40706e1811db1fc451f223b63db55edbf47deadff80e5be9fdef3fb3d307161df1671cbca399c6af2006a3498030b0d61bb5a0de1"
