[messaging]
url = "https://github.com/WebAssembly/wasi-messaging/archive/main.tar.gz"
sha256 = "602487d60c3830fb4fcedcf933cdd6c20411a1a3dcb14db4c5b512f924532f3a"
sha512 = "dfa9dc4062bad38bcff956aa8ef7b6a056912a2d865167953fbb3ec783b490347f443543f13c4a609c308fb054b75121937148266d178fac0b66d05826d32e44"
