[clocks]
url = "https://github.com/WebAssembly/wasi-clocks/archive/main.tar.gz"
sha256 = "59b8db7b6f3f8a72418510453c1fa9e437c7c7c2369c0bd5da83aa5d6d1d9b73"
sha512 = "06ce14bbf34d5588ed0c26bd932d46b3025c16723d5b4558def5b8107781b2251471c1f7170640342e3d4f78efb560d5ff6383c6a127c1d9e757e83db31a0185"

[io]
url = "https://github.com/WebAssembly/wasi-io/archive/main.tar.gz"
sha256 = "0f5187f86b360d90613fc11922001746b872c1df4583d5f35b6b6f1720ae4822"
sha512 = "b5b1474d0eaccf9d30e08f680474652f38da0baff4ac7a3dc945606ab35367fab4dd125e42c2da86c5a317711f60f1f8d0cfbba1e5f84490b40c8ef5e5572900"

[keyvalue]
url = "https://github.com/WebAssembly/wasi-keyvalue/archive/main.tar.gz"
sha256 = "7eaf2e10af6e2de6d5a168893e2656c6685de2009bd37fdc944859f5a6753e55"
sha512 = "ecf0dd2e0b6e5f62c2e10673cc8c2aab86c532f8b19c984fe2ecd9306e9a5c2783183143274477cc4fb3b037b2db2817f248a6bf84b3279180ca4dba832bf5dc"
