[blobstore]
url = "https://github.com/credibil/wasi-blobstore/archive/main.tar.gz"
sha256 = "3407257d8a958d29065682b759048d644b76b6a52bd9d59a41643ada7205a960"
sha512 = "77242e214262431f126ad18cac0f24ae8e798fa471b93f6e170b17607eab9ff4c19b0f3678313c42465e9db300feb186b34cb3dc4519c7ef884b2332b7309a44"
deps = ["io"]

[io]
sha256 = "2382f3c2d95677c7242a128c3809f54d98daf2fce61e941317d317f52d116586"
sha512 = "63a7db48c0f07c03ddde047748f8abdabf34b176542e024c80793ee1652fd7440128e27223a3c6c2b5dfcc1f697cad8343b4b5e70027eb538175593756d91d35"

[keyvalue]
url = "https://github.com/credibil/wasi-keyvalue/archive/main.tar.gz"
sha256 = "b9db68b016f0d291e8212cf5c794fcf981bf5cebe5254d4f3cf3ead5eb4e10b8"
sha512 = "befc8a96dff139c1e7071a6adb8d34a881c8da1f86f3c2620b4ebe11a226c06a8135da48dcde6e074fbcc42e369e44ddd150818edc43431b94eefd7b7a3608cf"

[messaging]
url = "https://github.com/credibil/wasi-messaging/archive/main.tar.gz"
sha256 = "21edbaac3e1237980bbd3dc194b30d1dff6e52c76c84600ad9efd3f61e946371"
sha512 = "5d57d8845ea9f00c929096b27dc47174d1cac92d180f7817a403a40e7cd046b7000b13d2ab197179aa90f9d85a3bf6ad10c24ef3bc5d49031fbfe9a059c9ddad"

[otel]
url = "https://github.com/credibil/wasi-otel/archive/main.tar.gz"
sha256 = "7c4ffc4d06bab925185cb5a7af024638a3393fa0832b3c5dafa94159821c6618"
sha512 = "df9000719db8650773005968948b6eaaf3bfb9e4f8840511c2699a79cdf8c1d58c1837479ae1a5ca01c6b5fdac491a1c17a72316fc5318ea9a0834bfbcc44a45"

[sql]
url = "https://github.com/credibil/wasi-sql/archive/main.tar.gz"
sha256 = "3bde1d592792fa0eea50a2ed3ba25255e63b47f60a86cf7dfb462b69d5a7316b"
sha512 = "40510d9d4ac90543332854b257e5b88c0bf17fc7fcafb447ea82adf114f8c542b2052f7e8a88bf8dfdc037e741f0ad0b788af67e3b36a6dca62681b77bc89952"

[vault]
url = "https://github.com/credibil/wasi-vault/archive/main.tar.gz"
sha256 = "29d92372f1735476f04e50c29615bc5d57c69ca79a09ddb7a72d79377675ca3b"
sha512 = "e1c56238dcff58268608e903e9e9f8323a603af0b232dec483226f519a63339371d5602b1df95084548c1c3e4f2e0f3eea227119d1f4425368df585294bf74f2"
